
Microsoft Visual Studio Solution File, Format Version 12.00
# Visual Studio 2013
VisualStudioVersion = 12.0.21005.1
MinimumVisualStudioVersion = 10.0.40219.1
Project("{8BC9CEB8-8B4A-11D0-8D11-00A0C91BC942}") = "DeusExMachina", "DeusExMachina\DeusExMachina.vcxproj", "{79DC0E99-1C7A-4DEB-BF50-1B71759AA21F}"
	ProjectSection(ProjectDependencies) = postProject
		{0CABBF49-2AD0-47EA-8287-603761BAD9BA} = {0CABBF49-2AD0-47EA-8287-603761BAD9BA}
	EndProjectSection
EndProject
Project("{8BC9CEB8-8B4A-11D0-8D11-00A0C91BC942}") = "DeusExMachinaLearning", "DeusExMachineLearning\DeusExMachineLearning.vcxproj", "{0CABBF49-2AD0-47EA-8287-603761BAD9BA}"
EndProject
Global
	GlobalSection(SolutionConfigurationPlatforms) = preSolution
		Debug|Win32 = Debug|Win32
		Release|Win32 = Release|Win32
	EndGlobalSection
	GlobalSection(ProjectConfigurationPlatforms) = postSolution
		{79DC0E99-1C7A-4DEB-BF50-1B71759AA21F}.Debug|Win32.ActiveCfg = Debug|Win32
		{79DC0E99-1C7A-4DEB-BF50-1B71759AA21F}.Debug|Win32.Build.0 = Debug|Win32
		{79DC0E99-1C7A-4DEB-BF50-1B71759AA21F}.Release|Win32.ActiveCfg = Release|Win32
		{79DC0E99-1C7A-4DEB-BF50-1B71759AA21F}.Release|Win32.Build.0 = Release|Win32
		{0CABBF49-2AD0-47EA-8287-603761BAD9BA}.Debug|Win32.ActiveCfg = Debug|Win32
		{0CABBF49-2AD0-47EA-8287-603761BAD9BA}.Debug|Win32.Build.0 = Debug|Win32
		{0CABBF49-2AD0-47EA-8287-603761BAD9BA}.Release|Win32.ActiveCfg = Release|Win32
		{0CABBF49-2AD0-47EA-8287-603761BAD9BA}.Release|Win32.Build.0 = Release|Win32
	EndGlobalSection
	GlobalSection(SolutionProperties) = preSolution
		HideSolutionNode = FALSE
	EndGlobalSection
EndGlobal
